github.com/boltdb/bolt v1.3.1 h1:JQmyP4ZBrce+ZQu0dY660FMfatumYDLun9hBCUVIkF4=
github.com/boltdb/bolt v1.3.1/go.mod h1:clJnj/oiGkjum5o1McbSZDSLxVThjynRyGBgiAx27Ps=
github.com/br0xen/boltbrowser v0.0.0-20210531150353-7f10a81cece0 h1:fQbTXzLyP0OfkMg3oM/rbPRPYOwmJcCaolxyibevJLA=
github.com/br0xen/boltbrowser v0.0.0-20210531150353-7f10a81cece0/go.mod h1:S3ythDzl6Kbn/dn9UxQFQiIuZZR+iEjVtR61WpG1VUA=
github.com/br0xen/termbox-util v0.0.0-20170904143325-de1d4c83380e h1:PF4gYXcZfTbAoAk5DPZcvjmq8gyg4gpcmWdT8W+0X1c=
github.com/br0xen/termbox-util v0.0.0-20170904143325-de1d4c83380e/go.mod h1:x9wJlgOj74OFTOBwXOuO8pBguW37EgYNx51Dbjkfzo4=
github.com/gorilla/mux v1.8.0 h1:i40aqfkR1h2SlN9hojwV5ZA91wcXFOvkdNIeFDP5koI=
github.com/gorilla/mux v1.8.0/go.mod h1:DVbg23sWSpFRCP0SfiEN6jmj59UnW/n46BH5rLB71So=
github.com/gorilla/websocket v1.5.0 h1:PPwGk2jz7EePpoHN/+ClbZu8SPxiqlu12wZP/3sWmnc=
github.com/gorilla/websocket v1.5.0/go.mod h1:YR8l580nyteQvAITg2hZ9XVh4b55+EU/adAjf1fMHhE=
github.com/mattn/go-runewidth v0.0.4 h1:2BvfKmzob6Bmd4YsL0zygOqfdFnK7GR4QL06Do4/p7Y=
github.com/mattn/go-runewidth v0.0.4/go.mod h1:LwmH8dsx7+W8Uxz3IHJYH5QSwggIsqBzpuz5H//U1FU=
github.com/nsf/termbox-go v0.0.0-20180819125858-b66b20ab708e h1:fvw0uluMptljaRKSU8459cJ4bmi3qUYyMs5kzpic2fY=
github.com/nsf/termbox-go v0.0.0-20180819125858-b66b20ab708e/go.mod h1:IuKpRQcYE1Tfu+oAQqaLisqDeXgjyyltCfsaoYN18NQ=
github.com/yuin/goldmark v1.4.1 h1:/vn0k+RBvwlxEmP5E7SZMqNxPhfMVFEJiykr15/0XKM=
github.com/yuin/goldmark v1.4.1/go.mod h1:mwnBkeHKe2W/ZEtQ+71ViKU8L12m81fl3OWwC1Zlc8k=
golang.org/x/mod v0.6.0-dev.0.20220419223038-86c51ed26bb4 h1:6zppjxzCulZykYSLyVDYbneBfbaBIQPYMevg0bEwv2s=
golang.org/x/mod v0.6.0-dev.0.20220419223038-86c51ed26bb4/go.mod h1:jJ57K6gSWd91VN4djpZkiMVwK6gcyfeH4XE8wZrZaV4=
golang.org/x/net v0.0.0-20211015210444-4f30a5c0130f h1:OfiFi4JbukWwe3lzw+xunroH1mnC1e2Gy5cxNJApiSY=
golang.org/x/net v0.0.0-20211015210444-4f30a5c0130f/go.mod h1:9nx3DQGgdP8bBQD5qxJ1jj9UTztislL4KSBs9R2vV5Y=
golang.org/x/sys v0.0.0-20191002091554-b397fe3ad8ed/go.mod h1:h1NjWce9XRLGQEsW7wpKNCjG9DtNlClVuFLEZdDNbEs=
golang.org/x/sys v0.0.0-20220615213510-4f61da869c0c h1:aFV+BgZ4svzjfabn8ERpuB4JI4N6/rdy1iusx77G3oU=
golang.org/x/sys v0.0.0-20220615213510-4f61da869c0c/go.mod h1:oPkhp1MJrh7nUepCBck5+mAzfO9JrbApNNgaTdGDITg=
golang.org/x/tools v0.1.11 h1:loJ25fNOEhSXfHrpoGj91eCUThwdNX6u24rO1xnNteY=
golang.org/x/tools v0.1.11/go.mod h1:SgwaegtQh8clINPpECJMqnxLv9I09HLqnW3RMqW0CA4=
